
Microsoft Visual Studio Solution File, Format Version 12.00
# Visual Studio Version 16
VisualStudioVersion = 16.0.29102.190
MinimumVisualStudioVersion = 10.0.40219.1
Project("{9A19103F-16F7-4668-BE54-9A1E7A4F7556}") = "CaixaEletronico", "CaixaEletronico\CaixaEletronico.csproj", "{623A8D8A-9E9A-4BD2-AFC5-AC85E6862655}"
EndProject
Project("{FAE04EC0-301F-11D3-BF4B-00C04F79EFBC}") = "CaixaEletronico.Test", "CaixaEletronico.Test\CaixaEletronico.Test.csproj", "{BFDC5A3A-FA4E-4202-98C4-DE9B2E822F55}"
EndProject
Global
	GlobalSection(SolutionConfigurationPlatforms) = preSolution
		Debug|Any CPU = Debug|Any CPU
		Release|Any CPU = Release|Any CPU
	EndGlobalSection
	GlobalSection(ProjectConfigurationPlatforms) = postSolution
		{623A8D8A-9E9A-4BD2-AFC5-AC85E6862655}.Debug|Any CPU.ActiveCfg = Debug|Any CPU
		{623A8D8A-9E9A-4BD2-AFC5-AC85E6862655}.Debug|Any CPU.Build.0 = Debug|Any CPU
		{623A8D8A-9E9A-4BD2-AFC5-AC85E6862655}.Release|Any CPU.ActiveCfg = Release|Any CPU
		{623A8D8A-9E9A-4BD2-AFC5-AC85E6862655}.Release|Any CPU.Build.0 = Release|Any CPU
		{BFDC5A3A-FA4E-4202-98C4-DE9B2E822F55}.Debug|Any CPU.ActiveCfg = Debug|Any CPU
		{BFDC5A3A-FA4E-4202-98C4-DE9B2E822F55}.Debug|Any CPU.Build.0 = Debug|Any CPU
		{BFDC5A3A-FA4E-4202-98C4-DE9B2E822F55}.Release|Any CPU.ActiveCfg = Release|Any CPU
		{BFDC5A3A-FA4E-4202-98C4-DE9B2E822F55}.Release|Any CPU.Build.0 = Release|Any CPU
	EndGlobalSection
	GlobalSection(SolutionProperties) = preSolution
		HideSolutionNode = FALSE
	EndGlobalSection
	GlobalSection(ExtensibilityGlobals) = postSolution
		SolutionGuid = {7FE1CEB2-E590-4414-BCD8-564CA95FAD66}
	EndGlobalSection
EndGlobal
